
Microsoft Visual Studio Solution File, Format Version 12.00
# Visual Studio Version 17
VisualStudioVersion = 17.0.31903.59
MinimumVisualStudioVersion = 10.0.40219.1
Project("{FAE04EC0-301F-11D3-BF4B-00C04F79EFBC}") = "dotnet-core-vuets-bootstrap", "ConsoleApp\ConsoleApp.csproj", "{EB1DA4D0-C261-4CA8-AA39-CDAEFB2F7095}"
EndProject
Global
	GlobalSection(SolutionConfigurationPlatforms) = preSolution
		Debug|Any CPU = Debug|Any CPU
		Release|Any CPU = Release|Any CPU
	EndGlobalSection
	GlobalSection(SolutionProperties) = preSolution
		HideSolutionNode = FALSE
	EndGlobalSection
	GlobalSection(ProjectConfigurationPlatforms) = postSolution
		{EB1DA4D0-C261-4CA8-AA39-CDAEFB2F7095}.Debug|Any CPU.ActiveCfg = Debug|Any CPU
		{EB1DA4D0-C261-4CA8-AA39-CDAEFB2F7095}.Debug|Any CPU.Build.0 = Debug|Any CPU
		{EB1DA4D0-C261-4CA8-AA39-CDAEFB2F7095}.Release|Any CPU.ActiveCfg = Release|Any CPU
		{EB1DA4D0-C261-4CA8-AA39-CDAEFB2F7095}.Release|Any CPU.Build.0 = Release|Any CPU
	EndGlobalSection
EndGlobal
